{
  "name": "medium",
  "lockfileVersion": 3,
  "requires": true,
  "packages": {
    "": {
      "dependencies": {
        "@mourya.vishal2003/medium-common": "^1.0.2"
      }
    },
    "node_modules/@mourya.vishal2003/medium-common": {
      "version": "1.0.2",
      "resolved": "https://registry.npmjs.org/@mourya.vishal2003/medium-common/-/medium-common-1.0.2.tgz",
      "integrity": "sha512-Ax85NuICwSSqMOFLu5B+S1VH9HOsINHhdwKAqmX/Iy99qrylFNmXXBlx4V5IrMVfX47f+iruvcm/sVp9ejXoTw==",
      "dependencies": {
        "zod": "^3.22.4"
      }
    },
    "node_modules/zod": {
      "version": "3.23.8",
      "resolved": "https://registry.npmjs.org/zod/-/zod-3.23.8.tgz",
      "integrity": "sha512-XBx9AXhXktjUqnepgTiE5flcKIYWi/rme0Eaj+5Y0lftuGBq+jyRu/md4WnuxqgP1ubdpNCsYEYPxrzVHD8d6g==",
      "funding": {
        "url": "https://github.com/sponsors/colinhacks"
      }
    }
  }
}
